Microsoft Visual Studio Solution File, Format Version 11.00
# Visual Studio 2008

Project("{255F1B95-2B2C-4D55-66AD-E29C3460B3BA}") = "Aqua", "Assembly-CSharp-firstpass.csproj", "{9A725C24-3BA1-67F2-4009-12BD62B9B6C6}"
EndProject
Project("{255F1B95-2B2C-4D55-66AD-E29C3460B3BA}") = "Aqua", "Assembly-CSharp.csproj", "{F41C101C-71A2-CABD-76FD-62517701B988}"
EndProject
Global
	GlobalSection(SolutionConfigurationPlatforms) = preSolution
		Debug|Any CPU = Debug|Any CPU
		Release|Any CPU = Release|Any CPU
	EndGlobalSection
	GlobalSection(ProjectConfigurationPlatforms) = postSolution
		{9A725C24-3BA1-67F2-4009-12BD62B9B6C6}.Debug|Any CPU.ActiveCfg = Debug|Any CPU
		{9A725C24-3BA1-67F2-4009-12BD62B9B6C6}.Debug|Any CPU.Build.0 = Debug|Any CPU
		{9A725C24-3BA1-67F2-4009-12BD62B9B6C6}.Release|Any CPU.ActiveCfg = Release|Any CPU
		{9A725C24-3BA1-67F2-4009-12BD62B9B6C6}.Release|Any CPU.Build.0 = Release|Any CPU
		{F41C101C-71A2-CABD-76FD-62517701B988}.Debug|Any CPU.ActiveCfg = Debug|Any CPU
		{F41C101C-71A2-CABD-76FD-62517701B988}.Debug|Any CPU.Build.0 = Debug|Any CPU
		{F41C101C-71A2-CABD-76FD-62517701B988}.Release|Any CPU.ActiveCfg = Release|Any CPU
		{F41C101C-71A2-CABD-76FD-62517701B988}.Release|Any CPU.Build.0 = Release|Any CPU
	EndGlobalSection
	GlobalSection(SolutionProperties) = preSolution
		HideSolutionNode = FALSE
	EndGlobalSection
	GlobalSection(MonoDevelopProperties) = preSolution
		StartupItem = Assembly-CSharp.csproj
	EndGlobalSection
EndGlobal
